
Microsoft Visual Studio Solution File, Format Version 12.00
# Visual Studio Version 17
VisualStudioVersion = 17.9.34622.214
MinimumVisualStudioVersion = 10.0.40219.1
Project("{9A19103F-16F7-4668-BE54-9A1E7A4F7556}") = "AuthenticationJWT", "AuthenticationJWT.csproj", "{6E97494B-2CB4-48CE-96A6-682133433008}"
EndProject
Global
	GlobalSection(SolutionConfigurationPlatforms) = preSolution
		Debug|Any CPU = Debug|Any CPU
		Release|Any CPU = Release|Any CPU
	EndGlobalSection
	GlobalSection(ProjectConfigurationPlatforms) = postSolution
		{6E97494B-2CB4-48CE-96A6-682133433008}.Debug|Any CPU.ActiveCfg = Debug|Any CPU
		{6E97494B-2CB4-48CE-96A6-682133433008}.Debug|Any CPU.Build.0 = Debug|Any CPU
		{6E97494B-2CB4-48CE-96A6-682133433008}.Release|Any CPU.ActiveCfg = Release|Any CPU
		{6E97494B-2CB4-48CE-96A6-682133433008}.Release|Any CPU.Build.0 = Release|Any CPU
	EndGlobalSection
	GlobalSection(SolutionProperties) = preSolution
		HideSolutionNode = FALSE
	EndGlobalSection
	GlobalSection(ExtensibilityGlobals) = postSolution
		SolutionGuid = {29CE1A1B-5629-4943-B6B4-DF6B02A1A684}
	EndGlobalSection
EndGlobal
